
Microsoft Visual Studio Solution File, Format Version 12.00
# Visual Studio Version 17
VisualStudioVersion = 17.11.35222.181
MinimumVisualStudioVersion = 10.0.40219.1
Project("{8BC9CEB8-8B4A-11D0-8D11-00A0C91BC942}") = "Stack_app", "Stack_app.vcxproj", "{BA86AA26-7938-4A1F-BF20-C67FDB969BA6}"
EndProject
Project("{8BC9CEB8-8B4A-11D0-8D11-00A0C91BC942}") = "StackLibDyn", "..\StackLibDyn\StackLibDyn.vcxproj", "{02B3D075-2F1F-44B0-9F3F-C16FF9116551}"
EndProject
Global
	GlobalSection(SolutionConfigurationPlatforms) = preSolution
		Debug|x64 = Debug|x64
		Debug|x86 = Debug|x86
		Release|x64 = Release|x64
		Release|x86 = Release|x86
	EndGlobalSection
	GlobalSection(ProjectConfigurationPlatforms) = postSolution
		{BA86AA26-7938-4A1F-BF20-C67FDB969BA6}.Debug|x64.ActiveCfg = Debug|x64
		{BA86AA26-7938-4A1F-BF20-C67FDB969BA6}.Debug|x64.Build.0 = Debug|x64
		{BA86AA26-7938-4A1F-BF20-C67FDB969BA6}.Debug|x86.ActiveCfg = Debug|Win32
		{BA86AA26-7938-4A1F-BF20-C67FDB969BA6}.Debug|x86.Build.0 = Debug|Win32
		{BA86AA26-7938-4A1F-BF20-C67FDB969BA6}.Release|x64.ActiveCfg = Release|x64
		{BA86AA26-7938-4A1F-BF20-C67FDB969BA6}.Release|x64.Build.0 = Release|x64
		{BA86AA26-7938-4A1F-BF20-C67FDB969BA6}.Release|x86.ActiveCfg = Release|Win32
		{BA86AA26-7938-4A1F-BF20-C67FDB969BA6}.Release|x86.Build.0 = Release|Win32
		{02B3D075-2F1F-44B0-9F3F-C16FF9116551}.Debug|x64.ActiveCfg = Debug|x64
		{02B3D075-2F1F-44B0-9F3F-C16FF9116551}.Debug|x64.Build.0 = Debug|x64
		{02B3D075-2F1F-44B0-9F3F-C16FF9116551}.Debug|x86.ActiveCfg = Debug|Win32
		{02B3D075-2F1F-44B0-9F3F-C16FF9116551}.Debug|x86.Build.0 = Debug|Win32
		{02B3D075-2F1F-44B0-9F3F-C16FF9116551}.Release|x64.ActiveCfg = Release|x64
		{02B3D075-2F1F-44B0-9F3F-C16FF9116551}.Release|x64.Build.0 = Release|x64
		{02B3D075-2F1F-44B0-9F3F-C16FF9116551}.Release|x86.ActiveCfg = Release|Win32
		{02B3D075-2F1F-44B0-9F3F-C16FF9116551}.Release|x86.Build.0 = Release|Win32
	EndGlobalSection
	GlobalSection(SolutionProperties) = preSolution
		HideSolutionNode = FALSE
	EndGlobalSection
	GlobalSection(ExtensibilityGlobals) = postSolution
		SolutionGuid = {A6C14896-530C-47F2-A4DF-450197889532}
	EndGlobalSection
EndGlobal
